
Microsoft Visual Studio Solution File, Format Version 12.00
# Visual Studio 15
VisualStudioVersion = 15.0.28010.2048
MinimumVisualStudioVersion = 10.0.40219.1
Project("{9A19103F-16F7-4668-BE54-9A1E7A4F7556}") = "CiStandard", "src\CiStandard\CiStandard.csproj", "{EB5813C9-6023-49EC-A437-272385C33FC2}"
EndProject
Project("{9A19103F-16F7-4668-BE54-9A1E7A4F7556}") = "CiStandard.Tests", "test\CiStandard.Tests\CiStandard.Tests.csproj", "{2CFA0CF4-A8E8-4324-B74F-E1A154F32276}"
EndProject
Project("{9A19103F-16F7-4668-BE54-9A1E7A4F7556}") = "CiStandard.Bis", "src\CiStandard.Bis\CiStandard.Bis.csproj", "{DA7FD7CA-AFF2-41D9-BC83-949DB39DC009}"
EndProject
Project("{FAE04EC0-301F-11D3-BF4B-00C04F79EFBC}") = "CiStandard.Bis.Tests", "test\CiStandard.Bis.Tests\CiStandard.Bis.Tests.csproj", "{8EF60154-E853-4682-9BC9-4C594D8E1B78}"
EndProject
Global
	GlobalSection(SolutionConfigurationPlatforms) = preSolution
		Debug|Any CPU = Debug|Any CPU
		Release|Any CPU = Release|Any CPU
	EndGlobalSection
	GlobalSection(ProjectConfigurationPlatforms) = postSolution
		{EB5813C9-6023-49EC-A437-272385C33FC2}.Debug|Any CPU.ActiveCfg = Debug|Any CPU
		{EB5813C9-6023-49EC-A437-272385C33FC2}.Debug|Any CPU.Build.0 = Debug|Any CPU
		{EB5813C9-6023-49EC-A437-272385C33FC2}.Release|Any CPU.ActiveCfg = Release|Any CPU
		{EB5813C9-6023-49EC-A437-272385C33FC2}.Release|Any CPU.Build.0 = Release|Any CPU
		{2CFA0CF4-A8E8-4324-B74F-E1A154F32276}.Debug|Any CPU.ActiveCfg = Debug|Any CPU
		{2CFA0CF4-A8E8-4324-B74F-E1A154F32276}.Debug|Any CPU.Build.0 = Debug|Any CPU
		{2CFA0CF4-A8E8-4324-B74F-E1A154F32276}.Release|Any CPU.ActiveCfg = Release|Any CPU
		{2CFA0CF4-A8E8-4324-B74F-E1A154F32276}.Release|Any CPU.Build.0 = Release|Any CPU
		{DA7FD7CA-AFF2-41D9-BC83-949DB39DC009}.Debug|Any CPU.ActiveCfg = Debug|Any CPU
		{DA7FD7CA-AFF2-41D9-BC83-949DB39DC009}.Debug|Any CPU.Build.0 = Debug|Any CPU
		{DA7FD7CA-AFF2-41D9-BC83-949DB39DC009}.Release|Any CPU.ActiveCfg = Release|Any CPU
		{DA7FD7CA-AFF2-41D9-BC83-949DB39DC009}.Release|Any CPU.Build.0 = Release|Any CPU
		{8EF60154-E853-4682-9BC9-4C594D8E1B78}.Debug|Any CPU.ActiveCfg = Debug|Any CPU
		{8EF60154-E853-4682-9BC9-4C594D8E1B78}.Debug|Any CPU.Build.0 = Debug|Any CPU
		{8EF60154-E853-4682-9BC9-4C594D8E1B78}.Release|Any CPU.ActiveCfg = Release|Any CPU
		{8EF60154-E853-4682-9BC9-4C594D8E1B78}.Release|Any CPU.Build.0 = Release|Any CPU
	EndGlobalSection
	GlobalSection(SolutionProperties) = preSolution
		HideSolutionNode = FALSE
	EndGlobalSection
	GlobalSection(ExtensibilityGlobals) = postSolution
		SolutionGuid = {04AFC853-B7A9-4F16-934A-3A686CEF679D}
	EndGlobalSection
EndGlobal
